
Microsoft Visual Studio Solution File, Format Version 12.00
# Visual Studio Version 16
VisualStudioVersion = 16.0.30804.86
MinimumVisualStudioVersion = 10.0.40219.1
Project("{FAE04EC0-301F-11D3-BF4B-00C04F79EFBC}") = "Hipparu", "Hipparu.csproj", "{01906738-984C-48C0-B06A-FF248E030E68}"
EndProject
Global
	GlobalSection(SolutionConfigurationPlatforms) = preSolution
		Debug|Any CPU = Debug|Any CPU
		Release|Any CPU = Release|Any CPU
	EndGlobalSection
	GlobalSection(ProjectConfigurationPlatforms) = postSolution
		{01906738-984C-48C0-B06A-FF248E030E68}.Debug|Any CPU.ActiveCfg = Debug|Any CPU
		{01906738-984C-48C0-B06A-FF248E030E68}.Debug|Any CPU.Build.0 = Debug|Any CPU
		{01906738-984C-48C0-B06A-FF248E030E68}.Release|Any CPU.ActiveCfg = Release|Any CPU
		{01906738-984C-48C0-B06A-FF248E030E68}.Release|Any CPU.Build.0 = Release|Any CPU
	EndGlobalSection
	GlobalSection(SolutionProperties) = preSolution
		HideSolutionNode = FALSE
	EndGlobalSection
	GlobalSection(ExtensibilityGlobals) = postSolution
		SolutionGuid = {7F2590FB-0B06-4949-8582-B180A5119E3F}
	EndGlobalSection
EndGlobal
